
Microsoft Visual Studio Solution File, Format Version 12.00
# Visual Studio Version 17
VisualStudioVersion = 17.10.35122.118
MinimumVisualStudioVersion = 10.0.40219.1
Project("{8BC9CEB8-8B4A-11D0-8D11-00A0C91BC942}") = "lab_1_cw", "lab_1_cw\lab_1_cw.vcxproj", "{52AB2C42-1AE4-44C8-BF34-A881590428AD}"
EndProject
Project("{8BC9CEB8-8B4A-11D0-8D11-00A0C91BC942}") = "lab_1_hw", "lab_1_hw\lab_1_hw.vcxproj", "{B3D27972-EDC2-4781-81E1-24985E6A4147}"
EndProject
Project("{8BC9CEB8-8B4A-11D0-8D11-00A0C91BC942}") = "lab_2.1_hw", "lab_2_hw\lab_2_hw.vcxproj", "{338F1865-160F-4140-A2E6-4B4C8DFF702A}"
EndProject
Project("{2150E333-8FDC-42A3-9474-1A3956D46DE8}") = "course_1", "course_1", "{02EA681E-C7D8-13C7-8484-4AC65E1B71E8}"
EndProject
Project("{2150E333-8FDC-42A3-9474-1A3956D46DE8}") = "programing", "programing", "{DBDE9CF8-4070-46E0-A8A3-BFD983DAFE8A}"
EndProject
Project("{2150E333-8FDC-42A3-9474-1A3956D46DE8}") = "algebra_and_geometry", "algebra_and_geometry", "{82024DEB-14DE-4DDA-BE73-7072A40108B7}"
EndProject
Project("{FAE04EC0-301F-11D3-BF4B-00C04F79EFBC}") = "FaktorMath", "FaktorMath\FaktorMath.csproj", "{244F521F-4173-4AA7-A695-113C3E91D3C9}"
EndProject
Project("{FAE04EC0-301F-11D3-BF4B-00C04F79EFBC}") = "ConsoleMath", "ConsoleMath\ConsoleMath.csproj", "{1EFD75B6-9C9E-4711-87A2-0F811775F9E9}"
EndProject
Project("{8BC9CEB8-8B4A-11D0-8D11-00A0C91BC942}") = "lab_2.2_hw", "lab_2.2_hw\lab_2.2_hw.vcxproj", "{B2994E3A-796F-4787-A98D-8E16C18BC847}"
EndProject
Project("{8BC9CEB8-8B4A-11D0-8D11-00A0C91BC942}") = "lab_3_hw", "lab_3_hw\lab_3_hw.vcxproj", "{6AB9FCBC-0743-4370-BBB5-32F4B9DB17DA}"
EndProject
Project("{2150E333-8FDC-42A3-9474-1A3956D46DE8}") = "polish_notation", "polish_notation", "{15A09C00-ADE7-43CA-86CE-04783390DA15}"
EndProject
Project("{8BC9CEB8-8B4A-11D0-8D11-00A0C91BC942}") = "PolishNotation", "PolishNotation\PolishNotation.vcxproj", "{F0ED6936-9ECB-45AA-B556-B957856FB6DF}"
EndProject
Project("{8BC9CEB8-8B4A-11D0-8D11-00A0C91BC942}") = "lab_3.1_hw", "lab_3.1_hw\lab_3.1_hw.vcxproj", "{EEA665C7-FAE1-443B-8827-94D65AB4591C}"
EndProject
Project("{8BC9CEB8-8B4A-11D0-8D11-00A0C91BC942}") = "test_pointers", "test_pointers\test_pointers.vcxproj", "{E21A74A6-4421-4083-BCD0-CECA38B6673F}"
EndProject
Project("{8BC9CEB8-8B4A-11D0-8D11-00A0C91BC942}") = "lab_4_hw", "lab_4_hw\lab_4_hw.vcxproj", "{AB9B146E-CCF1-4883-9325-444AE3426413}"
EndProject
Project("{2150E333-8FDC-42A3-9474-1A3956D46DE8}") = "test", "test", "{C8BCDF11-CF01-4865-B6F8-63DE00F835B6}"
EndProject
Project("{8BC9CEB8-8B4A-11D0-8D11-00A0C91BC942}") = "pointer_test", "pointer_test\pointer_test.vcxproj", "{B4DAF85C-E8AC-42B8-87E1-43CDCCF0F099}"
EndProject
Project("{2150E333-8FDC-42A3-9474-1A3956D46DE8}") = "examples", "examples", "{02196069-1BB2-4464-B9FC-FE770A2BCD30}"
EndProject
Project("{888888A0-9F3D-457C-B088-3A5042F75D52}") = "PyExample", "PyExample\PyExample.pyproj", "{13B63461-1F71-4EC5-A44E-B9F0FEF7DBB6}"
EndProject
Project("{FAE04EC0-301F-11D3-BF4B-00C04F79EFBC}") = "CsExample", "CsExample\CsExample.csproj", "{1B4AAECA-8181-4475-B2EF-16F7E19C073B}"
EndProject
Project("{8BC9CEB8-8B4A-11D0-8D11-00A0C91BC942}") = "CppExample", "CppExample\CppExample.vcxproj", "{158735C2-F9AF-46F1-A143-A0264A394B66}"
EndProject
Project("{54A90642-561A-4BB1-A94E-469ADEE60C69}") = "TsExample", "TsExample\TsExample.esproj", "{26C6EEF3-6FBD-C679-692E-107D67E6C733}"
EndProject
Project("{54A90642-561A-4BB1-A94E-469ADEE60C69}") = "JsExample", "JsExample\JsExample.esproj", "{C5DA21F5-8970-3D34-2DD7-79F4ED19E800}"
EndProject
Project("{2150E333-8FDC-42A3-9474-1A3956D46DE8}") = "ASD", "ASD", "{9A5140DF-7B5C-4FD3-95F3-FF74778F7A66}"
EndProject
Project("{8BC9CEB8-8B4A-11D0-8D11-00A0C91BC942}") = "lab_4", "lab_5\lab_5.vcxproj", "{E31C0A64-289A-46BF-9CA9-39648A7E8C36}"
EndProject
Project("{8BC9CEB8-8B4A-11D0-8D11-00A0C91BC942}") = "algorithms", "lab_3\lab_3.vcxproj", "{0FB36C1C-9D3C-4639-A1CA-FB8749214C90}"
EndProject
Project("{8BC9CEB8-8B4A-11D0-8D11-00A0C91BC942}") = "lab_5_hw", "lab_5_hw\lab_5_hw.vcxproj", "{6CC9C2FA-96D6-47C9-9240-31AC8B3B2CF7}"
EndProject
Project("{8BC9CEB8-8B4A-11D0-8D11-00A0C91BC942}") = "lab_6_hw", "lab_6_hw\lab_6_hw.vcxproj", "{5A8846E2-86BC-49B8-891E-66020C9EF1A8}"
EndProject
Project("{8BC9CEB8-8B4A-11D0-8D11-00A0C91BC942}") = "lab_4.1", "lab_4.1\lab_4.1.vcxproj", "{ACE23758-95A4-4972-BE3C-A4273AE2BA64}"
EndProject
Project("{8BC9CEB8-8B4A-11D0-8D11-00A0C91BC942}") = "lab3", "lab3\lab3.vcxproj", "{52D89EC8-1013-4896-AFDB-B491A76F739B}"
EndProject
Project("{8BC9CEB8-8B4A-11D0-8D11-00A0C91BC942}") = "lab_7_hw", "lab_7_hw\lab_7_hw.vcxproj", "{E0A9C681-D095-4C83-A829-5242DC369446}"
EndProject
Global
	GlobalSection(SolutionConfigurationPlatforms) = preSolution
		Debug|Any CPU = Debug|Any CPU
		Debug|x64 = Debug|x64
		Debug|x86 = Debug|x86
		Release|Any CPU = Release|Any CPU
		Release|x64 = Release|x64
		Release|x86 = Release|x86
	EndGlobalSection
	GlobalSection(ProjectConfigurationPlatforms) = postSolution
		{52AB2C42-1AE4-44C8-BF34-A881590428AD}.Debug|Any CPU.ActiveCfg = Debug|x64
		{52AB2C42-1AE4-44C8-BF34-A881590428AD}.Debug|Any CPU.Build.0 = Debug|x64
		{52AB2C42-1AE4-44C8-BF34-A881590428AD}.Debug|x64.ActiveCfg = Debug|x64
		{52AB2C42-1AE4-44C8-BF34-A881590428AD}.Debug|x64.Build.0 = Debug|x64
		{52AB2C42-1AE4-44C8-BF34-A881590428AD}.Debug|x86.ActiveCfg = Debug|Win32
		{52AB2C42-1AE4-44C8-BF34-A881590428AD}.Debug|x86.Build.0 = Debug|Win32
		{52AB2C42-1AE4-44C8-BF34-A881590428AD}.Release|Any CPU.ActiveCfg = Release|x64
		{52AB2C42-1AE4-44C8-BF34-A881590428AD}.Release|Any CPU.Build.0 = Release|x64
		{52AB2C42-1AE4-44C8-BF34-A881590428AD}.Release|x64.ActiveCfg = Release|x64
		{52AB2C42-1AE4-44C8-BF34-A881590428AD}.Release|x64.Build.0 = Release|x64
		{52AB2C42-1AE4-44C8-BF34-A881590428AD}.Release|x86.ActiveCfg = Release|Win32
		{52AB2C42-1AE4-44C8-BF34-A881590428AD}.Release|x86.Build.0 = Release|Win32
		{B3D27972-EDC2-4781-81E1-24985E6A4147}.Debug|Any CPU.ActiveCfg = Debug|x64
		{B3D27972-EDC2-4781-81E1-24985E6A4147}.Debug|Any CPU.Build.0 = Debug|x64
		{B3D27972-EDC2-4781-81E1-24985E6A4147}.Debug|x64.ActiveCfg = Debug|x64
		{B3D27972-EDC2-4781-81E1-24985E6A4147}.Debug|x64.Build.0 = Debug|x64
		{B3D27972-EDC2-4781-81E1-24985E6A4147}.Debug|x86.ActiveCfg = Debug|Win32
		{B3D27972-EDC2-4781-81E1-24985E6A4147}.Debug|x86.Build.0 = Debug|Win32
		{B3D27972-EDC2-4781-81E1-24985E6A4147}.Release|Any CPU.ActiveCfg = Release|x64
		{B3D27972-EDC2-4781-81E1-24985E6A4147}.Release|Any CPU.Build.0 = Release|x64
		{B3D27972-EDC2-4781-81E1-24985E6A4147}.Release|x64.ActiveCfg = Release|x64
		{B3D27972-EDC2-4781-81E1-24985E6A4147}.Release|x64.Build.0 = Release|x64
		{B3D27972-EDC2-4781-81E1-24985E6A4147}.Release|x86.ActiveCfg = Release|Win32
		{B3D27972-EDC2-4781-81E1-24985E6A4147}.Release|x86.Build.0 = Release|Win32
		{338F1865-160F-4140-A2E6-4B4C8DFF702A}.Debug|Any CPU.ActiveCfg = Debug|x64
		{338F1865-160F-4140-A2E6-4B4C8DFF702A}.Debug|Any CPU.Build.0 = Debug|x64
		{338F1865-160F-4140-A2E6-4B4C8DFF702A}.Debug|x64.ActiveCfg = Debug|x64
		{338F1865-160F-4140-A2E6-4B4C8DFF702A}.Debug|x64.Build.0 = Debug|x64
		{338F1865-160F-4140-A2E6-4B4C8DFF702A}.Debug|x86.ActiveCfg = Debug|Win32
		{338F1865-160F-4140-A2E6-4B4C8DFF702A}.Debug|x86.Build.0 = Debug|Win32
		{338F1865-160F-4140-A2E6-4B4C8DFF702A}.Release|Any CPU.ActiveCfg = Release|x64
		{338F1865-160F-4140-A2E6-4B4C8DFF702A}.Release|Any CPU.Build.0 = Release|x64
		{338F1865-160F-4140-A2E6-4B4C8DFF702A}.Release|x64.ActiveCfg = Release|x64
		{338F1865-160F-4140-A2E6-4B4C8DFF702A}.Release|x64.Build.0 = Release|x64
		{338F1865-160F-4140-A2E6-4B4C8DFF702A}.Release|x86.ActiveCfg = Release|Win32
		{338F1865-160F-4140-A2E6-4B4C8DFF702A}.Release|x86.Build.0 = Release|Win32
		{244F521F-4173-4AA7-A695-113C3E91D3C9}.Debug|Any CPU.ActiveCfg = Debug|Any CPU
		{244F521F-4173-4AA7-A695-113C3E91D3C9}.Debug|Any CPU.Build.0 = Debug|Any CPU
		{244F521F-4173-4AA7-A695-113C3E91D3C9}.Debug|x64.ActiveCfg = Debug|Any CPU
		{244F521F-4173-4AA7-A695-113C3E91D3C9}.Debug|x64.Build.0 = Debug|Any CPU
		{244F521F-4173-4AA7-A695-113C3E91D3C9}.Debug|x86.ActiveCfg = Debug|Any CPU
		{244F521F-4173-4AA7-A695-113C3E91D3C9}.Debug|x86.Build.0 = Debug|Any CPU
		{244F521F-4173-4AA7-A695-113C3E91D3C9}.Release|Any CPU.ActiveCfg = Release|Any CPU
		{244F521F-4173-4AA7-A695-113C3E91D3C9}.Release|Any CPU.Build.0 = Release|Any CPU
		{244F521F-4173-4AA7-A695-113C3E91D3C9}.Release|x64.ActiveCfg = Release|Any CPU
		{244F521F-4173-4AA7-A695-113C3E91D3C9}.Release|x64.Build.0 = Release|Any CPU
		{244F521F-4173-4AA7-A695-113C3E91D3C9}.Release|x86.ActiveCfg = Release|Any CPU
		{244F521F-4173-4AA7-A695-113C3E91D3C9}.Release|x86.Build.0 = Release|Any CPU
		{1EFD75B6-9C9E-4711-87A2-0F811775F9E9}.Debug|Any CPU.ActiveCfg = Debug|Any CPU
		{1EFD75B6-9C9E-4711-87A2-0F811775F9E9}.Debug|Any CPU.Build.0 = Debug|Any CPU
		{1EFD75B6-9C9E-4711-87A2-0F811775F9E9}.Debug|x64.ActiveCfg = Debug|Any CPU
		{1EFD75B6-9C9E-4711-87A2-0F811775F9E9}.Debug|x64.Build.0 = Debug|Any CPU
		{1EFD75B6-9C9E-4711-87A2-0F811775F9E9}.Debug|x86.ActiveCfg = Debug|Any CPU
		{1EFD75B6-9C9E-4711-87A2-0F811775F9E9}.Debug|x86.Build.0 = Debug|Any CPU
		{1EFD75B6-9C9E-4711-87A2-0F811775F9E9}.Release|Any CPU.ActiveCfg = Release|Any CPU
		{1EFD75B6-9C9E-4711-87A2-0F811775F9E9}.Release|Any CPU.Build.0 = Release|Any CPU
		{1EFD75B6-9C9E-4711-87A2-0F811775F9E9}.Release|x64.ActiveCfg = Release|Any CPU
		{1EFD75B6-9C9E-4711-87A2-0F811775F9E9}.Release|x64.Build.0 = Release|Any CPU
		{1EFD75B6-9C9E-4711-87A2-0F811775F9E9}.Release|x86.ActiveCfg = Release|Any CPU
		{1EFD75B6-9C9E-4711-87A2-0F811775F9E9}.Release|x86.Build.0 = Release|Any CPU
		{B2994E3A-796F-4787-A98D-8E16C18BC847}.Debug|Any CPU.ActiveCfg = Debug|x64
		{B2994E3A-796F-4787-A98D-8E16C18BC847}.Debug|Any CPU.Build.0 = Debug|x64
		{B2994E3A-796F-4787-A98D-8E16C18BC847}.Debug|x64.ActiveCfg = Debug|x64
		{B2994E3A-796F-4787-A98D-8E16C18BC847}.Debug|x64.Build.0 = Debug|x64
		{B2994E3A-796F-4787-A98D-8E16C18BC847}.Debug|x86.ActiveCfg = Debug|Win32
		{B2994E3A-796F-4787-A98D-8E16C18BC847}.Debug|x86.Build.0 = Debug|Win32
		{B2994E3A-796F-4787-A98D-8E16C18BC847}.Release|Any CPU.ActiveCfg = Release|x64
		{B2994E3A-796F-4787-A98D-8E16C18BC847}.Release|Any CPU.Build.0 = Release|x64
		{B2994E3A-796F-4787-A98D-8E16C18BC847}.Release|x64.ActiveCfg = Release|x64
		{B2994E3A-796F-4787-A98D-8E16C18BC847}.Release|x64.Build.0 = Release|x64
		{B2994E3A-796F-4787-A98D-8E16C18BC847}.Release|x86.ActiveCfg = Release|Win32
		{B2994E3A-796F-4787-A98D-8E16C18BC847}.Release|x86.Build.0 = Release|Win32
		{6AB9FCBC-0743-4370-BBB5-32F4B9DB17DA}.Debug|Any CPU.ActiveCfg = Debug|x64
		{6AB9FCBC-0743-4370-BBB5-32F4B9DB17DA}.Debug|Any CPU.Build.0 = Debug|x64
		{6AB9FCBC-0743-4370-BBB5-32F4B9DB17DA}.Debug|x64.ActiveCfg = Debug|x64
		{6AB9FCBC-0743-4370-BBB5-32F4B9DB17DA}.Debug|x64.Build.0 = Debug|x64
		{6AB9FCBC-0743-4370-BBB5-32F4B9DB17DA}.Debug|x86.ActiveCfg = Debug|Win32
		{6AB9FCBC-0743-4370-BBB5-32F4B9DB17DA}.Debug|x86.Build.0 = Debug|Win32
		{6AB9FCBC-0743-4370-BBB5-32F4B9DB17DA}.Release|Any CPU.ActiveCfg = Release|x64
		{6AB9FCBC-0743-4370-BBB5-32F4B9DB17DA}.Release|Any CPU.Build.0 = Release|x64
		{6AB9FCBC-0743-4370-BBB5-32F4B9DB17DA}.Release|x64.ActiveCfg = Release|x64
		{6AB9FCBC-0743-4370-BBB5-32F4B9DB17DA}.Release|x64.Build.0 = Release|x64
		{6AB9FCBC-0743-4370-BBB5-32F4B9DB17DA}.Release|x86.ActiveCfg = Release|Win32
		{6AB9FCBC-0743-4370-BBB5-32F4B9DB17DA}.Release|x86.Build.0 = Release|Win32
		{F0ED6936-9ECB-45AA-B556-B957856FB6DF}.Debug|Any CPU.ActiveCfg = Debug|x64
		{F0ED6936-9ECB-45AA-B556-B957856FB6DF}.Debug|Any CPU.Build.0 = Debug|x64
		{F0ED6936-9ECB-45AA-B556-B957856FB6DF}.Debug|x64.ActiveCfg = Debug|x64
		{F0ED6936-9ECB-45AA-B556-B957856FB6DF}.Debug|x64.Build.0 = Debug|x64
		{F0ED6936-9ECB-45AA-B556-B957856FB6DF}.Debug|x86.ActiveCfg = Debug|Win32
		{F0ED6936-9ECB-45AA-B556-B957856FB6DF}.Debug|x86.Build.0 = Debug|Win32
		{F0ED6936-9ECB-45AA-B556-B957856FB6DF}.Release|Any CPU.ActiveCfg = Release|x64
		{F0ED6936-9ECB-45AA-B556-B957856FB6DF}.Release|Any CPU.Build.0 = Release|x64
		{F0ED6936-9ECB-45AA-B556-B957856FB6DF}.Release|x64.ActiveCfg = Release|x64
		{F0ED6936-9ECB-45AA-B556-B957856FB6DF}.Release|x64.Build.0 = Release|x64
		{F0ED6936-9ECB-45AA-B556-B957856FB6DF}.Release|x86.ActiveCfg = Release|Win32
		{F0ED6936-9ECB-45AA-B556-B957856FB6DF}.Release|x86.Build.0 = Release|Win32
		{EEA665C7-FAE1-443B-8827-94D65AB4591C}.Debug|Any CPU.ActiveCfg = Debug|x64
		{EEA665C7-FAE1-443B-8827-94D65AB4591C}.Debug|Any CPU.Build.0 = Debug|x64
		{EEA665C7-FAE1-443B-8827-94D65AB4591C}.Debug|x64.ActiveCfg = Debug|x64
		{EEA665C7-FAE1-443B-8827-94D65AB4591C}.Debug|x64.Build.0 = Debug|x64
		{EEA665C7-FAE1-443B-8827-94D65AB4591C}.Debug|x86.ActiveCfg = Debug|Win32
		{EEA665C7-FAE1-443B-8827-94D65AB4591C}.Debug|x86.Build.0 = Debug|Win32
		{EEA665C7-FAE1-443B-8827-94D65AB4591C}.Release|Any CPU.ActiveCfg = Release|x64
		{EEA665C7-FAE1-443B-8827-94D65AB4591C}.Release|Any CPU.Build.0 = Release|x64
		{EEA665C7-FAE1-443B-8827-94D65AB4591C}.Release|x64.ActiveCfg = Release|x64
		{EEA665C7-FAE1-443B-8827-94D65AB4591C}.Release|x64.Build.0 = Release|x64
		{EEA665C7-FAE1-443B-8827-94D65AB4591C}.Release|x86.ActiveCfg = Release|Win32
		{EEA665C7-FAE1-443B-8827-94D65AB4591C}.Release|x86.Build.0 = Release|Win32
		{E21A74A6-4421-4083-BCD0-CECA38B6673F}.Debug|Any CPU.ActiveCfg = Debug|x64
		{E21A74A6-4421-4083-BCD0-CECA38B6673F}.Debug|Any CPU.Build.0 = Debug|x64
		{E21A74A6-4421-4083-BCD0-CECA38B6673F}.Debug|x64.ActiveCfg = Debug|x64
		{E21A74A6-4421-4083-BCD0-CECA38B6673F}.Debug|x64.Build.0 = Debug|x64
		{E21A74A6-4421-4083-BCD0-CECA38B6673F}.Debug|x86.ActiveCfg = Debug|Win32
		{E21A74A6-4421-4083-BCD0-CECA38B6673F}.Debug|x86.Build.0 = Debug|Win32
		{E21A74A6-4421-4083-BCD0-CECA38B6673F}.Release|Any CPU.ActiveCfg = Release|x64
		{E21A74A6-4421-4083-BCD0-CECA38B6673F}.Release|Any CPU.Build.0 = Release|x64
		{E21A74A6-4421-4083-BCD0-CECA38B6673F}.Release|x64.ActiveCfg = Release|x64
		{E21A74A6-4421-4083-BCD0-CECA38B6673F}.Release|x64.Build.0 = Release|x64
		{E21A74A6-4421-4083-BCD0-CECA38B6673F}.Release|x86.ActiveCfg = Release|Win32
		{E21A74A6-4421-4083-BCD0-CECA38B6673F}.Release|x86.Build.0 = Release|Win32
		{AB9B146E-CCF1-4883-9325-444AE3426413}.Debug|Any CPU.ActiveCfg = Debug|x64
		{AB9B146E-CCF1-4883-9325-444AE3426413}.Debug|Any CPU.Build.0 = Debug|x64
		{AB9B146E-CCF1-4883-9325-444AE3426413}.Debug|x64.ActiveCfg = Debug|x64
		{AB9B146E-CCF1-4883-9325-444AE3426413}.Debug|x64.Build.0 = Debug|x64
		{AB9B146E-CCF1-4883-9325-444AE3426413}.Debug|x86.ActiveCfg = Debug|Win32
		{AB9B146E-CCF1-4883-9325-444AE3426413}.Debug|x86.Build.0 = Debug|Win32
		{AB9B146E-CCF1-4883-9325-444AE3426413}.Release|Any CPU.ActiveCfg = Release|x64
		{AB9B146E-CCF1-4883-9325-444AE3426413}.Release|Any CPU.Build.0 = Release|x64
		{AB9B146E-CCF1-4883-9325-444AE3426413}.Release|x64.ActiveCfg = Release|x64
		{AB9B146E-CCF1-4883-9325-444AE3426413}.Release|x64.Build.0 = Release|x64
		{AB9B146E-CCF1-4883-9325-444AE3426413}.Release|x86.ActiveCfg = Release|Win32
		{AB9B146E-CCF1-4883-9325-444AE3426413}.Release|x86.Build.0 = Release|Win32
		{B4DAF85C-E8AC-42B8-87E1-43CDCCF0F099}.Debug|Any CPU.ActiveCfg = Debug|x64
		{B4DAF85C-E8AC-42B8-87E1-43CDCCF0F099}.Debug|Any CPU.Build.0 = Debug|x64
		{B4DAF85C-E8AC-42B8-87E1-43CDCCF0F099}.Debug|x64.ActiveCfg = Debug|x64
		{B4DAF85C-E8AC-42B8-87E1-43CDCCF0F099}.Debug|x64.Build.0 = Debug|x64
		{B4DAF85C-E8AC-42B8-87E1-43CDCCF0F099}.Debug|x86.ActiveCfg = Debug|Win32
		{B4DAF85C-E8AC-42B8-87E1-43CDCCF0F099}.Debug|x86.Build.0 = Debug|Win32
		{B4DAF85C-E8AC-42B8-87E1-43CDCCF0F099}.Release|Any CPU.ActiveCfg = Release|x64
		{B4DAF85C-E8AC-42B8-87E1-43CDCCF0F099}.Release|Any CPU.Build.0 = Release|x64
		{B4DAF85C-E8AC-42B8-87E1-43CDCCF0F099}.Release|x64.ActiveCfg = Release|x64
		{B4DAF85C-E8AC-42B8-87E1-43CDCCF0F099}.Release|x64.Build.0 = Release|x64
		{B4DAF85C-E8AC-42B8-87E1-43CDCCF0F099}.Release|x86.ActiveCfg = Release|Win32
		{B4DAF85C-E8AC-42B8-87E1-43CDCCF0F099}.Release|x86.Build.0 = Release|Win32
		{13B63461-1F71-4EC5-A44E-B9F0FEF7DBB6}.Debug|Any CPU.ActiveCfg = Debug|Any CPU
		{13B63461-1F71-4EC5-A44E-B9F0FEF7DBB6}.Debug|x64.ActiveCfg = Debug|Any CPU
		{13B63461-1F71-4EC5-A44E-B9F0FEF7DBB6}.Debug|x86.ActiveCfg = Debug|Any CPU
		{13B63461-1F71-4EC5-A44E-B9F0FEF7DBB6}.Release|Any CPU.ActiveCfg = Release|Any CPU
		{13B63461-1F71-4EC5-A44E-B9F0FEF7DBB6}.Release|x64.ActiveCfg = Release|Any CPU
		{13B63461-1F71-4EC5-A44E-B9F0FEF7DBB6}.Release|x86.ActiveCfg = Release|Any CPU
		{1B4AAECA-8181-4475-B2EF-16F7E19C073B}.Debug|Any CPU.ActiveCfg = Debug|Any CPU
		{1B4AAECA-8181-4475-B2EF-16F7E19C073B}.Debug|Any CPU.Build.0 = Debug|Any CPU
		{1B4AAECA-8181-4475-B2EF-16F7E19C073B}.Debug|x64.ActiveCfg = Debug|Any CPU
		{1B4AAECA-8181-4475-B2EF-16F7E19C073B}.Debug|x64.Build.0 = Debug|Any CPU
		{1B4AAECA-8181-4475-B2EF-16F7E19C073B}.Debug|x86.ActiveCfg = Debug|Any CPU
		{1B4AAECA-8181-4475-B2EF-16F7E19C073B}.Debug|x86.Build.0 = Debug|Any CPU
		{1B4AAECA-8181-4475-B2EF-16F7E19C073B}.Release|Any CPU.ActiveCfg = Release|Any CPU
		{1B4AAECA-8181-4475-B2EF-16F7E19C073B}.Release|Any CPU.Build.0 = Release|Any CPU
		{1B4AAECA-8181-4475-B2EF-16F7E19C073B}.Release|x64.ActiveCfg = Release|Any CPU
		{1B4AAECA-8181-4475-B2EF-16F7E19C073B}.Release|x64.Build.0 = Release|Any CPU
		{1B4AAECA-8181-4475-B2EF-16F7E19C073B}.Release|x86.ActiveCfg = Release|Any CPU
		{1B4AAECA-8181-4475-B2EF-16F7E19C073B}.Release|x86.Build.0 = Release|Any CPU
		{158735C2-F9AF-46F1-A143-A0264A394B66}.Debug|Any CPU.ActiveCfg = Debug|x64
		{158735C2-F9AF-46F1-A143-A0264A394B66}.Debug|Any CPU.Build.0 = Debug|x64
		{158735C2-F9AF-46F1-A143-A0264A394B66}.Debug|x64.ActiveCfg = Debug|x64
		{158735C2-F9AF-46F1-A143-A0264A394B66}.Debug|x64.Build.0 = Debug|x64
		{158735C2-F9AF-46F1-A143-A0264A394B66}.Debug|x86.ActiveCfg = Debug|Win32
		{158735C2-F9AF-46F1-A143-A0264A394B66}.Debug|x86.Build.0 = Debug|Win32
		{158735C2-F9AF-46F1-A143-A0264A394B66}.Release|Any CPU.ActiveCfg = Release|x64
		{158735C2-F9AF-46F1-A143-A0264A394B66}.Release|Any CPU.Build.0 = Release|x64
		{158735C2-F9AF-46F1-A143-A0264A394B66}.Release|x64.ActiveCfg = Release|x64
		{158735C2-F9AF-46F1-A143-A0264A394B66}.Release|x64.Build.0 = Release|x64
		{158735C2-F9AF-46F1-A143-A0264A394B66}.Release|x86.ActiveCfg = Release|Win32
		{158735C2-F9AF-46F1-A143-A0264A394B66}.Release|x86.Build.0 = Release|Win32
		{26C6EEF3-6FBD-C679-692E-107D67E6C733}.Debug|Any CPU.ActiveCfg = Debug|Any CPU
		{26C6EEF3-6FBD-C679-692E-107D67E6C733}.Debug|Any CPU.Build.0 = Debug|Any CPU
		{26C6EEF3-6FBD-C679-692E-107D67E6C733}.Debug|Any CPU.Deploy.0 = Debug|Any CPU
		{26C6EEF3-6FBD-C679-692E-107D67E6C733}.Debug|x64.ActiveCfg = Debug|Any CPU
		{26C6EEF3-6FBD-C679-692E-107D67E6C733}.Debug|x64.Build.0 = Debug|Any CPU
		{26C6EEF3-6FBD-C679-692E-107D67E6C733}.Debug|x64.Deploy.0 = Debug|Any CPU
		{26C6EEF3-6FBD-C679-692E-107D67E6C733}.Debug|x86.ActiveCfg = Debug|Any CPU
		{26C6EEF3-6FBD-C679-692E-107D67E6C733}.Debug|x86.Build.0 = Debug|Any CPU
		{26C6EEF3-6FBD-C679-692E-107D67E6C733}.Debug|x86.Deploy.0 = Debug|Any CPU
		{26C6EEF3-6FBD-C679-692E-107D67E6C733}.Release|Any CPU.ActiveCfg = Release|Any CPU
		{26C6EEF3-6FBD-C679-692E-107D67E6C733}.Release|Any CPU.Build.0 = Release|Any CPU
		{26C6EEF3-6FBD-C679-692E-107D67E6C733}.Release|Any CPU.Deploy.0 = Release|Any CPU
		{26C6EEF3-6FBD-C679-692E-107D67E6C733}.Release|x64.ActiveCfg = Release|Any CPU
		{26C6EEF3-6FBD-C679-692E-107D67E6C733}.Release|x64.Build.0 = Release|Any CPU
		{26C6EEF3-6FBD-C679-692E-107D67E6C733}.Release|x64.Deploy.0 = Release|Any CPU
		{26C6EEF3-6FBD-C679-692E-107D67E6C733}.Release|x86.ActiveCfg = Release|Any CPU
		{26C6EEF3-6FBD-C679-692E-107D67E6C733}.Release|x86.Build.0 = Release|Any CPU
		{26C6EEF3-6FBD-C679-692E-107D67E6C733}.Release|x86.Deploy.0 = Release|Any CPU
		{C5DA21F5-8970-3D34-2DD7-79F4ED19E800}.Debug|Any CPU.ActiveCfg = Debug|Any CPU
		{C5DA21F5-8970-3D34-2DD7-79F4ED19E800}.Debug|Any CPU.Build.0 = Debug|Any CPU
		{C5DA21F5-8970-3D34-2DD7-79F4ED19E800}.Debug|Any CPU.Deploy.0 = Debug|Any CPU
		{C5DA21F5-8970-3D34-2DD7-79F4ED19E800}.Debug|x64.ActiveCfg = Debug|Any CPU
		{C5DA21F5-8970-3D34-2DD7-79F4ED19E800}.Debug|x64.Build.0 = Debug|Any CPU
		{C5DA21F5-8970-3D34-2DD7-79F4ED19E800}.Debug|x64.Deploy.0 = Debug|Any CPU
		{C5DA21F5-8970-3D34-2DD7-79F4ED19E800}.Debug|x86.ActiveCfg = Debug|Any CPU
		{C5DA21F5-8970-3D34-2DD7-79F4ED19E800}.Debug|x86.Build.0 = Debug|Any CPU
		{C5DA21F5-8970-3D34-2DD7-79F4ED19E800}.Debug|x86.Deploy.0 = Debug|Any CPU
		{C5DA21F5-8970-3D34-2DD7-79F4ED19E800}.Release|Any CPU.ActiveCfg = Release|Any CPU
		{C5DA21F5-8970-3D34-2DD7-79F4ED19E800}.Release|Any CPU.Build.0 = Release|Any CPU
		{C5DA21F5-8970-3D34-2DD7-79F4ED19E800}.Release|Any CPU.Deploy.0 = Release|Any CPU
		{C5DA21F5-8970-3D34-2DD7-79F4ED19E800}.Release|x64.ActiveCfg = Release|Any CPU
		{C5DA21F5-8970-3D34-2DD7-79F4ED19E800}.Release|x64.Build.0 = Release|Any CPU
		{C5DA21F5-8970-3D34-2DD7-79F4ED19E800}.Release|x64.Deploy.0 = Release|Any CPU
		{C5DA21F5-8970-3D34-2DD7-79F4ED19E800}.Release|x86.ActiveCfg = Release|Any CPU
		{C5DA21F5-8970-3D34-2DD7-79F4ED19E800}.Release|x86.Build.0 = Release|Any CPU
		{C5DA21F5-8970-3D34-2DD7-79F4ED19E800}.Release|x86.Deploy.0 = Release|Any CPU
		{E31C0A64-289A-46BF-9CA9-39648A7E8C36}.Debug|Any CPU.ActiveCfg = Debug|x64
		{E31C0A64-289A-46BF-9CA9-39648A7E8C36}.Debug|Any CPU.Build.0 = Debug|x64
		{E31C0A64-289A-46BF-9CA9-39648A7E8C36}.Debug|x64.ActiveCfg = Debug|x64
		{E31C0A64-289A-46BF-9CA9-39648A7E8C36}.Debug|x64.Build.0 = Debug|x64
		{E31C0A64-289A-46BF-9CA9-39648A7E8C36}.Debug|x86.ActiveCfg = Debug|Win32
		{E31C0A64-289A-46BF-9CA9-39648A7E8C36}.Debug|x86.Build.0 = Debug|Win32
		{E31C0A64-289A-46BF-9CA9-39648A7E8C36}.Release|Any CPU.ActiveCfg = Release|x64
		{E31C0A64-289A-46BF-9CA9-39648A7E8C36}.Release|Any CPU.Build.0 = Release|x64
		{E31C0A64-289A-46BF-9CA9-39648A7E8C36}.Release|x64.ActiveCfg = Release|x64
		{E31C0A64-289A-46BF-9CA9-39648A7E8C36}.Release|x64.Build.0 = Release|x64
		{E31C0A64-289A-46BF-9CA9-39648A7E8C36}.Release|x86.ActiveCfg = Release|Win32
		{E31C0A64-289A-46BF-9CA9-39648A7E8C36}.Release|x86.Build.0 = Release|Win32
		{0FB36C1C-9D3C-4639-A1CA-FB8749214C90}.Debug|Any CPU.ActiveCfg = Debug|x64
		{0FB36C1C-9D3C-4639-A1CA-FB8749214C90}.Debug|Any CPU.Build.0 = Debug|x64
		{0FB36C1C-9D3C-4639-A1CA-FB8749214C90}.Debug|x64.ActiveCfg = Debug|x64
		{0FB36C1C-9D3C-4639-A1CA-FB8749214C90}.Debug|x64.Build.0 = Debug|x64
		{0FB36C1C-9D3C-4639-A1CA-FB8749214C90}.Debug|x86.ActiveCfg = Debug|Win32
		{0FB36C1C-9D3C-4639-A1CA-FB8749214C90}.Debug|x86.Build.0 = Debug|Win32
		{0FB36C1C-9D3C-4639-A1CA-FB8749214C90}.Release|Any CPU.ActiveCfg = Release|x64
		{0FB36C1C-9D3C-4639-A1CA-FB8749214C90}.Release|Any CPU.Build.0 = Release|x64
		{0FB36C1C-9D3C-4639-A1CA-FB8749214C90}.Release|x64.ActiveCfg = Release|x64
		{0FB36C1C-9D3C-4639-A1CA-FB8749214C90}.Release|x64.Build.0 = Release|x64
		{0FB36C1C-9D3C-4639-A1CA-FB8749214C90}.Release|x86.ActiveCfg = Release|Win32
		{0FB36C1C-9D3C-4639-A1CA-FB8749214C90}.Release|x86.Build.0 = Release|Win32
		{6CC9C2FA-96D6-47C9-9240-31AC8B3B2CF7}.Debug|Any CPU.ActiveCfg = Debug|x64
		{6CC9C2FA-96D6-47C9-9240-31AC8B3B2CF7}.Debug|Any CPU.Build.0 = Debug|x64
		{6CC9C2FA-96D6-47C9-9240-31AC8B3B2CF7}.Debug|x64.ActiveCfg = Debug|x64
		{6CC9C2FA-96D6-47C9-9240-31AC8B3B2CF7}.Debug|x64.Build.0 = Debug|x64
		{6CC9C2FA-96D6-47C9-9240-31AC8B3B2CF7}.Debug|x86.ActiveCfg = Debug|Win32
		{6CC9C2FA-96D6-47C9-9240-31AC8B3B2CF7}.Debug|x86.Build.0 = Debug|Win32
		{6CC9C2FA-96D6-47C9-9240-31AC8B3B2CF7}.Release|Any CPU.ActiveCfg = Release|x64
		{6CC9C2FA-96D6-47C9-9240-31AC8B3B2CF7}.Release|Any CPU.Build.0 = Release|x64
		{6CC9C2FA-96D6-47C9-9240-31AC8B3B2CF7}.Release|x64.ActiveCfg = Release|x64
		{6CC9C2FA-96D6-47C9-9240-31AC8B3B2CF7}.Release|x64.Build.0 = Release|x64
		{6CC9C2FA-96D6-47C9-9240-31AC8B3B2CF7}.Release|x86.ActiveCfg = Release|Win32
		{6CC9C2FA-96D6-47C9-9240-31AC8B3B2CF7}.Release|x86.Build.0 = Release|Win32
		{5A8846E2-86BC-49B8-891E-66020C9EF1A8}.Debug|Any CPU.ActiveCfg = Debug|x64
		{5A8846E2-86BC-49B8-891E-66020C9EF1A8}.Debug|Any CPU.Build.0 = Debug|x64
		{5A8846E2-86BC-49B8-891E-66020C9EF1A8}.Debug|x64.ActiveCfg = Debug|x64
		{5A8846E2-86BC-49B8-891E-66020C9EF1A8}.Debug|x64.Build.0 = Debug|x64
		{5A8846E2-86BC-49B8-891E-66020C9EF1A8}.Debug|x86.ActiveCfg = Debug|Win32
		{5A8846E2-86BC-49B8-891E-66020C9EF1A8}.Debug|x86.Build.0 = Debug|Win32
		{5A8846E2-86BC-49B8-891E-66020C9EF1A8}.Release|Any CPU.ActiveCfg = Release|x64
		{5A8846E2-86BC-49B8-891E-66020C9EF1A8}.Release|Any CPU.Build.0 = Release|x64
		{5A8846E2-86BC-49B8-891E-66020C9EF1A8}.Release|x64.ActiveCfg = Release|x64
		{5A8846E2-86BC-49B8-891E-66020C9EF1A8}.Release|x64.Build.0 = Release|x64
		{5A8846E2-86BC-49B8-891E-66020C9EF1A8}.Release|x86.ActiveCfg = Release|Win32
		{5A8846E2-86BC-49B8-891E-66020C9EF1A8}.Release|x86.Build.0 = Release|Win32
		{ACE23758-95A4-4972-BE3C-A4273AE2BA64}.Debug|Any CPU.ActiveCfg = Debug|x64
		{ACE23758-95A4-4972-BE3C-A4273AE2BA64}.Debug|Any CPU.Build.0 = Debug|x64
		{ACE23758-95A4-4972-BE3C-A4273AE2BA64}.Debug|x64.ActiveCfg = Debug|x64
		{ACE23758-95A4-4972-BE3C-A4273AE2BA64}.Debug|x64.Build.0 = Debug|x64
		{ACE23758-95A4-4972-BE3C-A4273AE2BA64}.Debug|x86.ActiveCfg = Debug|Win32
		{ACE23758-95A4-4972-BE3C-A4273AE2BA64}.Debug|x86.Build.0 = Debug|Win32
		{ACE23758-95A4-4972-BE3C-A4273AE2BA64}.Release|Any CPU.ActiveCfg = Release|x64
		{ACE23758-95A4-4972-BE3C-A4273AE2BA64}.Release|Any CPU.Build.0 = Release|x64
		{ACE23758-95A4-4972-BE3C-A4273AE2BA64}.Release|x64.ActiveCfg = Release|x64
		{ACE23758-95A4-4972-BE3C-A4273AE2BA64}.Release|x64.Build.0 = Release|x64
		{ACE23758-95A4-4972-BE3C-A4273AE2BA64}.Release|x86.ActiveCfg = Release|Win32
		{ACE23758-95A4-4972-BE3C-A4273AE2BA64}.Release|x86.Build.0 = Release|Win32
		{52D89EC8-1013-4896-AFDB-B491A76F739B}.Debug|Any CPU.ActiveCfg = Debug|x64
		{52D89EC8-1013-4896-AFDB-B491A76F739B}.Debug|Any CPU.Build.0 = Debug|x64
		{52D89EC8-1013-4896-AFDB-B491A76F739B}.Debug|x64.ActiveCfg = Debug|x64
		{52D89EC8-1013-4896-AFDB-B491A76F739B}.Debug|x64.Build.0 = Debug|x64
		{52D89EC8-1013-4896-AFDB-B491A76F739B}.Debug|x86.ActiveCfg = Debug|Win32
		{52D89EC8-1013-4896-AFDB-B491A76F739B}.Debug|x86.Build.0 = Debug|Win32
		{52D89EC8-1013-4896-AFDB-B491A76F739B}.Release|Any CPU.ActiveCfg = Release|x64
		{52D89EC8-1013-4896-AFDB-B491A76F739B}.Release|Any CPU.Build.0 = Release|x64
		{52D89EC8-1013-4896-AFDB-B491A76F739B}.Release|x64.ActiveCfg = Release|x64
		{52D89EC8-1013-4896-AFDB-B491A76F739B}.Release|x64.Build.0 = Release|x64
		{52D89EC8-1013-4896-AFDB-B491A76F739B}.Release|x86.ActiveCfg = Release|Win32
		{52D89EC8-1013-4896-AFDB-B491A76F739B}.Release|x86.Build.0 = Release|Win32
		{E0A9C681-D095-4C83-A829-5242DC369446}.Debug|Any CPU.ActiveCfg = Debug|x64
		{E0A9C681-D095-4C83-A829-5242DC369446}.Debug|Any CPU.Build.0 = Debug|x64
		{E0A9C681-D095-4C83-A829-5242DC369446}.Debug|x64.ActiveCfg = Debug|x64
		{E0A9C681-D095-4C83-A829-5242DC369446}.Debug|x64.Build.0 = Debug|x64
		{E0A9C681-D095-4C83-A829-5242DC369446}.Debug|x86.ActiveCfg = Debug|Win32
		{E0A9C681-D095-4C83-A829-5242DC369446}.Debug|x86.Build.0 = Debug|Win32
		{E0A9C681-D095-4C83-A829-5242DC369446}.Release|Any CPU.ActiveCfg = Release|x64
		{E0A9C681-D095-4C83-A829-5242DC369446}.Release|Any CPU.Build.0 = Release|x64
		{E0A9C681-D095-4C83-A829-5242DC369446}.Release|x64.ActiveCfg = Release|x64
		{E0A9C681-D095-4C83-A829-5242DC369446}.Release|x64.Build.0 = Release|x64
		{E0A9C681-D095-4C83-A829-5242DC369446}.Release|x86.ActiveCfg = Release|Win32
		{E0A9C681-D095-4C83-A829-5242DC369446}.Release|x86.Build.0 = Release|Win32
	EndGlobalSection
	GlobalSection(SolutionProperties) = preSolution
		HideSolutionNode = FALSE
	EndGlobalSection
	GlobalSection(NestedProjects) = preSolution
		{52AB2C42-1AE4-44C8-BF34-A881590428AD} = {DBDE9CF8-4070-46E0-A8A3-BFD983DAFE8A}
		{B3D27972-EDC2-4781-81E1-24985E6A4147} = {DBDE9CF8-4070-46E0-A8A3-BFD983DAFE8A}
		{338F1865-160F-4140-A2E6-4B4C8DFF702A} = {DBDE9CF8-4070-46E0-A8A3-BFD983DAFE8A}
		{DBDE9CF8-4070-46E0-A8A3-BFD983DAFE8A} = {02EA681E-C7D8-13C7-8484-4AC65E1B71E8}
		{82024DEB-14DE-4DDA-BE73-7072A40108B7} = {02EA681E-C7D8-13C7-8484-4AC65E1B71E8}
		{244F521F-4173-4AA7-A695-113C3E91D3C9} = {82024DEB-14DE-4DDA-BE73-7072A40108B7}
		{1EFD75B6-9C9E-4711-87A2-0F811775F9E9} = {82024DEB-14DE-4DDA-BE73-7072A40108B7}
		{B2994E3A-796F-4787-A98D-8E16C18BC847} = {DBDE9CF8-4070-46E0-A8A3-BFD983DAFE8A}
		{6AB9FCBC-0743-4370-BBB5-32F4B9DB17DA} = {DBDE9CF8-4070-46E0-A8A3-BFD983DAFE8A}
		{15A09C00-ADE7-43CA-86CE-04783390DA15} = {02EA681E-C7D8-13C7-8484-4AC65E1B71E8}
		{F0ED6936-9ECB-45AA-B556-B957856FB6DF} = {15A09C00-ADE7-43CA-86CE-04783390DA15}
		{EEA665C7-FAE1-443B-8827-94D65AB4591C} = {DBDE9CF8-4070-46E0-A8A3-BFD983DAFE8A}
		{E21A74A6-4421-4083-BCD0-CECA38B6673F} = {DBDE9CF8-4070-46E0-A8A3-BFD983DAFE8A}
		{AB9B146E-CCF1-4883-9325-444AE3426413} = {DBDE9CF8-4070-46E0-A8A3-BFD983DAFE8A}
		{C8BCDF11-CF01-4865-B6F8-63DE00F835B6} = {02EA681E-C7D8-13C7-8484-4AC65E1B71E8}
		{B4DAF85C-E8AC-42B8-87E1-43CDCCF0F099} = {C8BCDF11-CF01-4865-B6F8-63DE00F835B6}
		{02196069-1BB2-4464-B9FC-FE770A2BCD30} = {DBDE9CF8-4070-46E0-A8A3-BFD983DAFE8A}
		{13B63461-1F71-4EC5-A44E-B9F0FEF7DBB6} = {02196069-1BB2-4464-B9FC-FE770A2BCD30}
		{1B4AAECA-8181-4475-B2EF-16F7E19C073B} = {02196069-1BB2-4464-B9FC-FE770A2BCD30}
		{158735C2-F9AF-46F1-A143-A0264A394B66} = {02196069-1BB2-4464-B9FC-FE770A2BCD30}
		{26C6EEF3-6FBD-C679-692E-107D67E6C733} = {02196069-1BB2-4464-B9FC-FE770A2BCD30}
		{C5DA21F5-8970-3D34-2DD7-79F4ED19E800} = {02196069-1BB2-4464-B9FC-FE770A2BCD30}
		{9A5140DF-7B5C-4FD3-95F3-FF74778F7A66} = {02EA681E-C7D8-13C7-8484-4AC65E1B71E8}
		{E31C0A64-289A-46BF-9CA9-39648A7E8C36} = {9A5140DF-7B5C-4FD3-95F3-FF74778F7A66}
		{0FB36C1C-9D3C-4639-A1CA-FB8749214C90} = {9A5140DF-7B5C-4FD3-95F3-FF74778F7A66}
		{6CC9C2FA-96D6-47C9-9240-31AC8B3B2CF7} = {DBDE9CF8-4070-46E0-A8A3-BFD983DAFE8A}
		{5A8846E2-86BC-49B8-891E-66020C9EF1A8} = {DBDE9CF8-4070-46E0-A8A3-BFD983DAFE8A}
		{ACE23758-95A4-4972-BE3C-A4273AE2BA64} = {DBDE9CF8-4070-46E0-A8A3-BFD983DAFE8A}
		{52D89EC8-1013-4896-AFDB-B491A76F739B} = {9A5140DF-7B5C-4FD3-95F3-FF74778F7A66}
		{E0A9C681-D095-4C83-A829-5242DC369446} = {DBDE9CF8-4070-46E0-A8A3-BFD983DAFE8A}
	EndGlobalSection
	GlobalSection(ExtensibilityGlobals) = postSolution
		SolutionGuid = {726E3BAF-1325-40C2-BEFA-5DAD2D3673F9}
	EndGlobalSection
EndGlobal
